
Microsoft Visual Studio Solution File, Format Version 12.00
# Visual Studio Version 16
VisualStudioVersion = 16.0.31129.286
MinimumVisualStudioVersion = 10.0.40219.1
Project("{FAE04EC0-301F-11D3-BF4B-00C04F79EFBC}") = "PR10", "PR10.csproj", "{23ABAC8E-7CD7-4BD7-96B3-D25789BAEB8D}"
EndProject
Global
	GlobalSection(SolutionConfigurationPlatforms) = preSolution
		Debug|Any CPU = Debug|Any CPU
		Release|Any CPU = Release|Any CPU
	EndGlobalSection
	GlobalSection(ProjectConfigurationPlatforms) = postSolution
		{23ABAC8E-7CD7-4BD7-96B3-D25789BAEB8D}.Debug|Any CPU.ActiveCfg = Debug|Any CPU
		{23ABAC8E-7CD7-4BD7-96B3-D25789BAEB8D}.Debug|Any CPU.Build.0 = Debug|Any CPU
		{23ABAC8E-7CD7-4BD7-96B3-D25789BAEB8D}.Release|Any CPU.ActiveCfg = Release|Any CPU
		{23ABAC8E-7CD7-4BD7-96B3-D25789BAEB8D}.Release|Any CPU.Build.0 = Release|Any CPU
	EndGlobalSection
	GlobalSection(SolutionProperties) = preSolution
		HideSolutionNode = FALSE
	EndGlobalSection
	GlobalSection(ExtensibilityGlobals) = postSolution
		SolutionGuid = {B584979B-9742-4215-B096-3F04E554BF0F}
	EndGlobalSection
EndGlobal
